// !$*UTF8*$!
{
	archiveVersion = 1;
	classes = {
	};
	objectVersion = 46;
	objects = {

/* Begin PBXBuildFile section */
		CFBA1CDF1EC527DD00647776 /* AppDelegate.swift in Sources */ = {isa = PBXBuildFile; fileRef = CFBA1CDE1EC527DD00647776 /* AppDelegate.swift */; };
		CFBA1CE11EC527DD00647776 /* ViewController.swift in Sources */ = {isa = PBXBuildFile; fileRef = CFBA1CE01EC527DD00647776 /* ViewController.swift */; };
		CFBA1CE41EC527DD00647776 /* Main.storyboard in Resources */ = {isa = PBXBuildFile; fileRef = CFBA1CE21EC527DD00647776 /* Main.storyboard */; };
		CFBA1CE61EC527DD00647776 /* Assets.xcassets in Resources */ = {isa = PBXBuildFile; fileRef = CFBA1CE51EC527DD00647776 /* Assets.xcassets */; };
		CFBA1CE91EC527DD00647776 /* LaunchScreen.storyboard in Resources */ = {isa = PBXBuildFile; fileRef = CFBA1CE71EC527DD00647776 /* LaunchScreen.storyboard */; };
/* End PBXBuildFile section */

/* Begin PBXFileReference section */
		CFBA1CDB1EC527DD00647776 /* AUFIrstapp.app */ = {isa = PBXFileReference; explicitFileType = wrapper.application; includeInIndex = 0; path = AUFIrstapp.app; sourceTree = BUILT_PRODUCTS_DIR; };
		CFBA1CDE1EC527DD00647776 /* AppDelegate.swift */ = {isa = PBXFileReference; lastKnownFileType = sourcecode.swift; path = AppDelegate.swift; sourceTree = "<group>"; };
		CFBA1CE01EC527DD00647776 /* ViewController.swift */ = {isa = PBXFileReference; lastKnownFileType = sourcecode.swift; path = ViewController.swift; sourceTree = "<group>"; };
		CFBA1CE31EC527DD00647776 /* Base */ = {isa = PBXFileReference; lastKnownFileType = file.storyboard; name = Base; path = Base.lproj/Main.storyboard; sourceTree = "<group>"; };
		CFBA1CE51EC527DD00647776 /* Assets.xcassets */ = {isa = PBXFileReference; lastKnownFileType = folder.assetcatalog; path = Assets.xcassets; sourceTree = "<group>"; };
		CFBA1CE81EC527DD00647776 /* Base */ = {isa = PBXFileReference; lastKnownFileType = file.storyboard; name = Base; path = Base.lproj/LaunchScreen.storyboard; sourceTree = "<group>"; };
		CFBA1CEA1EC527DD00647776 /* Info.plist */ = {isa = PBXFileReference; lastKnownFileType = text.plist.xml; path = Info.plist; sourceTree = "<group>"; };
/* End PBXFileReference section */

/* Begin PBXFrameworksBuildPhase section */
		CFBA1CD81EC527DD00647776 /* Frameworks */ = {
			isa = PBXFrameworksBuildPhase;
			buildActionMask = 2147483647;
			files = (
			);
			runOnlyForDeploymentPostprocessing = 0;
		};
/* End PBXFrameworksBuildPhase section */

/* Begin PBXGroup section */
		CFBA1CD21EC527DD00647776 = {
			isa = PBXGroup;
			children = (
				CFBA1CDD1EC527DD00647776 /* AUFIrstapp */,
				CFBA1CDC1EC527DD00647776 /* Products */,
			);
			sourceTree = "<group>";
		};
		CFBA1CDC1EC527DD00647776 /* Products */ = {
			isa = PBXGroup;
			children = (
				CFBA1CDB1EC527DD00647776 /* AUFIrstapp.app */,
			);
			name = Products;
			sourceTree = "<group>";
		};
		CFBA1CDD1EC527DD00647776 /* AUFIrstapp */ = {
			isa = PBXGroup;
			children = (
				CFBA1CDE1EC527DD00647776 /* AppDelegate.swift */,
				CFBA1CE01EC527DD00647776 /* ViewController.swift */,
				CFBA1CE21EC527DD00647776 /* Main.storyboard */,
				CFBA1CE51EC527DD00647776 /* Assets.xcassets */,
				CFBA1CE71EC527DD00647776 /* LaunchScreen.storyboard */,
				CFBA1CEA1EC527DD00647776 /* Info.plist */,
			);
			path = AUFIrstapp;
			sourceTree = "<group>";
		};
/* End PBXGroup section */

/* Begin PBXNativeTarget section */
		CFBA1CDA1EC527DD00647776 /* AUFIrstapp */ = {
			isa = PBXNativeTarget;
			buildConfigurationList = CFBA1CED1EC527DD00647776 /* Build configuration list for PBXNativeTarget "AUFIrstapp" */;
			buildPhases = (
				CFBA1CD71EC527DD00647776 /* Sources */,
				CFBA1CD81EC527DD00647776 /* Frameworks */,
				CFBA1CD91EC527DD00647776 /* Resources */,
			);
			buildRules = (
			);
			dependencies = (
			);
			name = AUFIrstapp;
			productName = AUFIrstapp;
			productReference = CFBA1CDB1EC527DD00647776 /* AUFIrstapp.app */;
			productType = "com.apple.product-type.application";
		};
/* End PBXNativeTarget section */

/* Begin PBXProject section */
		CFBA1CD31EC527DD00647776 /* Project object */ = {
			isa = PBXProject;
			attributes = {
				LastSwiftUpdateCheck = 0830;
				LastUpgradeCheck = 0830;
				ORGANIZATIONNAME = "Mumin Uddin";
				TargetAttributes = {
					CFBA1CDA1EC527DD00647776 = {
						CreatedOnToolsVersion = 8.3.2;
						ProvisioningStyle = Automatic;
					};
				};
			};
			buildConfigurationList = CFBA1CD61EC527DD00647776 /* Build configuration list for PBXProject "AUFIrstapp" */;
			compatibilityVersion = "Xcode 3.2";
			developmentRegion = English;
			hasScannedForEncodings = 0;
			knownRegions = (
				en,
				Base,
			);
			mainGroup = CFBA1CD21EC527DD00647776;
			productRefGroup = CFBA1CDC1EC527DD00647776 /* Products */;
			projectDirPath = "";
			projectRoot = "";
			targets = (
				CFBA1CDA1EC527DD00647776 /* AUFIrstapp */,
			);
		};
/* End PBXProject section */

/* Begin PBXResourcesBuildPhase section */
		CFBA1CD91EC527DD00647776 /* Resources */ = {
			isa = PBXResourcesBuildPhase;
			buildActionMask = 2147483647;
			files = (
				CFBA1CE91EC527DD00647776 /* LaunchScreen.storyboard in Resources */,
				CFBA1CE61EC527DD00647776 /* Assets.xcassets in Resources */,
				CFBA1CE41EC527DD00647776 /* Main.storyboard in Resources */,
			);
			runOnlyForDeploymentPostprocessing = 0;
		};
/* End PBXResourcesBuildPhase section */

/* Begin PBXSourcesBuildPhase section */
		CFBA1CD71EC527DD00647776 /* Sources */ = {
			isa = PBXSourcesBuildPhase;
			buildActionMask = 2147483647;
			files = (
				CFBA1CE11EC527DD00647776 /* ViewController.swift in Sources */,
				CFBA1CDF1EC527DD00647776 /* AppDelegate.swift in Sources */,
			);
			runOnlyForDeploymentPostprocessing = 0;
		};
/* End PBXSourcesBuildPhase section */

/* Begin PBXVariantGroup section */
		CFBA1CE21EC527DD00647776 /* Main.storyboard */ = {
			isa = PBXVariantGroup;
			children = (
				CFBA1CE31EC527DD00647776 /* Base */,
			);
			name = Main.storyboard;
			sourceTree = "<group>";
		};
		CFBA1CE71EC527DD00647776 /* LaunchScreen.storyboard */ = {
			isa = PBXVariantGroup;
			children = (
				CFBA1CE81EC527DD00647776 /* Base */,
			);
			name = LaunchScreen.storyboard;
			sourceTree = "<group>";
		};
/* End PBXVariantGroup section */

/* Begin XCBuildConfiguration section */
		CFBA1CEB1EC527DD00647776 /* Debug */ = {
			isa = XCBuildConfiguration;
			buildSettings = {
				ALWAYS_SEARCH_USER_PATHS = NO;
				CLANG_ANALYZER_NONNULL = YES;
				CLANG_ANALYZER_NUMBER_OBJECT_CONVERSION = YES_AGGRESSIVE;
				CLANG_CXX_LANGUAGE_STANDARD = "gnu++0x";
				CLANG_CXX_LIBRARY = "libc++";
				CLANG_ENABLE_MODULES = YES;
				CLANG_ENABLE_OBJC_ARC = YES;
				CLANG_WARN_BOOL_CONVERSION = YES;
				CLANG_WARN_CONSTANT_CONVERSION = YES;
				CLANG_WARN_DIRECT_OBJC_ISA_USAGE = YES_ERROR;
				CLANG_WARN_DOCUMENTATION_COMMENTS = YES;
				CLANG_WARN_EMPTY_BODY = YES;
				CLANG_WARN_ENUM_CONVERSION = YES;
				CLANG_WARN_INFINITE_RECURSION = YES;
				CLANG_WARN_INT_CONVERSION = YES;
				CLANG_WARN_OBJC_ROOT_CLASS = YES_ERROR;
				CLANG_WARN_SUSPICIOUS_MOVE = YES;
				CLANG_WARN_UNREACHABLE_CODE = YES;
				CLANG_WARN__DUPLICATE_METHOD_MATCH = YES;
				"CODE_SIGN_IDENTITY[sdk=iphoneos*]" = "iPhone Developer";
				COPY_PHASE_STRIP = NO;
				DEBUG_INFORMATION_FORMAT = dwarf;
				ENABLE_STRICT_OBJC_MSGSEND = YES;
				ENABLE_TESTABILITY = YES;
				GCC_C_LANGUAGE_STANDARD = gnu99;
				GCC_DYNAMIC_NO_PIC = NO;
				GCC_NO_COMMON_BLOCKS = YES;
				GCC_OPTIMIZATION_LEVEL = 0;
				GCC_PREPROCESSOR_DEFINITIONS = (
					"DEBUG=1",
					"$(inherited)",
				);
				GCC_WARN_64_TO_32_BIT_CONVERSION = YES;
				GCC_WARN_ABOUT_RETURN_TYPE = YES_ERROR;
				GCC_WARN_UNDECLARED_SELECTOR = YES;
				GCC_WARN_UNINITIALIZED_AUTOS = YES_AGGRESSIVE;
				GCC_WARN_UNUSED_FUNCTION = YES;
				GCC_WARN_UNUSED_VARIABLE = YES;
				IPHONEOS_DEPLOYMENT_TARGET = 10.3;
				MTL_ENABLE_DEBUG_INFO = YES;
				ONLY_ACTIVE_ARCH = YES;
				SDKROOT = iphoneos;
				SWIFT_ACTIVE_COMPILATION_CONDITIONS = DEBUG;
				SWIFT_OPTIMIZATION_LEVEL = "-Onone";
				TARGETED_DEVICE_FAMILY = "1,2";
			};
			name = Debug;
		};
		CFBA1CEC1EC527DD00647776 /* Release */ = {
			isa = XCBuildConfiguration;
			buildSettings = {
				ALWAYS_SEARCH_USER_PATHS = NO;
				CLANG_ANALYZER_NONNULL = YES;
				CLANG_ANALYZER_NUMBER_OBJECT_CONVERSION = YES_AGGRESSIVE;
				CLANG_CXX_LANGUAGE_STANDARD = "gnu++0x";
				CLANG_CXX_LIBRARY = "libc++";
				CLANG_ENABLE_MODULES = YES;
				CLANG_ENABLE_OBJC_ARC = YES;
				CLANG_WARN_BOOL_CONVERSION = YES;
				CLANG_WARN_CONSTANT_CONVERSION = YES;
				CLANG_WARN_DIRECT_OBJC_ISA_USAGE = YES_ERROR;
				CLANG_WARN_DOCUMENTATION_COMMENTS = YES;
				CLANG_WARN_EMPTY_BODY = YES;
				CLANG_WARN_ENUM_CONVERSION = YES;
				CLANG_WARN_INFINITE_RECURSION = YES;
				CLANG_WARN_INT_CONVERSION = YES;
				CLANG_WARN_OBJC_ROOT_CLASS = YES_ERROR;
				CLANG_WARN_SUSPICIOUS_MOVE = YES;
				CLANG_WARN_UNREACHABLE_CODE = YES;
				CLANG_WARN__DUPLICATE_METHOD_MATCH = YES;
				"CODE_SIGN_IDENTITY[sdk=iphoneos*]" = "iPhone Developer";
				COPY_PHASE_STRIP = NO;
				DEBUG_INFORMATION_FORMAT = "dwarf-with-dsym";
				ENABLE_NS_ASSERTIONS = NO;
				ENABLE_STRICT_OBJC_MSGSEND = YES;
				GCC_C_LANGUAGE_STANDARD = gnu99;
				GCC_NO_COMMON_BLOCKS = YES;
				GCC_WARN_64_TO_32_BIT_CONVERSION = YES;
				GCC_WARN_ABOUT_RETURN_TYPE = YES_ERROR;
				GCC_WARN_UNDECLARED_SELECTOR = YES;
				GCC_WARN_UNINITIALIZED_AUTOS = YES_AGGRESSIVE;
				GCC_WARN_UNUSED_FUNCTION = YES;
				GCC_WARN_UNUSED_VARIABLE = YES;
				IPHONEOS_DEPLOYMENT_TARGET = 10.3;
				MTL_ENABLE_DEBUG_INFO = NO;
				SDKROOT = iphoneos;
				SWIFT_OPTIMIZATION_LEVEL = "-Owholemodule";
				TARGETED_DEVICE_FAMILY = "1,2";
				VALIDATE_PRODUCT = YES;
			};
			name = Release;
		};
		CFBA1CEE1EC527DD00647776 /* Debug */ = {
			isa = XCBuildConfiguration;
			buildSettings = {
				ASSETCATALOG_COMPILER_APPICON_NAME = AppIcon;
				INFOPLIST_FILE = AUFIrstapp/Info.plist;
				LD_RUNPATH_SEARCH_PATHS = "$(inherited) @executable_path/Frameworks";
				PRODUCT_BUNDLE_IDENTIFIER = CCNY.AUFIrstapp;
				PRODUCT_NAME = "$(TARGET_NAME)";
				SWIFT_VERSION = 3.0;
			};
			name = Debug;
		};
		CFBA1CEF1EC527DD00647776 /* Release */ = {
			isa = XCBuildConfiguration;
			buildSettings = {
				ASSETCATALOG_COMPILER_APPICON_NAME = AppIcon;
				INFOPLIST_FILE = AUFIrstapp/Info.plist;
				LD_RUNPATH_SEARCH_PATHS = "$(inherited) @executable_path/Frameworks";
				PRODUCT_BUNDLE_IDENTIFIER = CCNY.AUFIrstapp;
				PRODUCT_NAME = "$(TARGET_NAME)";
				SWIFT_VERSION = 3.0;
			};
			name = Release;
		};
/* End XCBuildConfiguration section */

/* Begin XCConfigurationList section */
		CFBA1CD61EC527DD00647776 /* Build configuration list for PBXProject "AUFIrstapp" */ = {
			isa = XCConfigurationList;
			buildConfigurations = (
				CFBA1CEB1EC527DD00647776 /* Debug */,
				CFBA1CEC1EC527DD00647776 /* Release */,
			);
			defaultConfigurationIsVisible = 0;
			defaultConfigurationName = Release;
		};
		CFBA1CED1EC527DD00647776 /* Build configuration list for PBXNativeTarget "AUFIrstapp" */ = {
			isa = XCConfigurationList;
			buildConfigurations = (
				CFBA1CEE1EC527DD00647776 /* Debug */,
				CFBA1CEF1EC527DD00647776 /* Release */,
			);
			defaultConfigurationIsVisible = 0;
		};
/* End XCConfigurationList section */
	};
	rootObject = CFBA1CD31EC527DD00647776 /* Project object */;
}
